// !$*UTF8*$!
{
	archiveVersion = 1;
	classes = {
	};
	objectVersion = 46;
	objects = {

/* Begin PBXBuildFile section */
		FA6166C31D3A08680049FA14 /* AppDelegate.swift in Sources */ = {isa = PBXBuildFile; fileRef = FA6166C21D3A08680049FA14 /* AppDelegate.swift */; };
		FA6166C51D3A08680049FA14 /* Assets.xcassets in Resources */ = {isa = PBXBuildFile; fileRef = FA6166C41D3A08680049FA14 /* Assets.xcassets */; };
		FA6166C81D3A08680049FA14 /* MainMenu.xib in Resources */ = {isa = PBXBuildFile; fileRef = FA6166C61D3A08680049FA14 /* MainMenu.xib */; };
		FA6166E21D3A0C180049FA14 /* RxScreeen.framework in Frameworks */ = {isa = PBXBuildFile; fileRef = FA6166D51D3A0BF70049FA14 /* RxScreeen.framework */; };
		FA6166E31D3A0C180049FA14 /* RxScreeen.framework in Embed Frameworks */ = {isa = PBXBuildFile; fileRef = FA6166D51D3A0BF70049FA14 /* RxScreeen.framework */; settings = {ATTRIBUTES = (CodeSignOnCopy, RemoveHeadersOnCopy, ); }; };
		FA6167821D3A27E80049FA14 /* RxSwift.framework in Frameworks */ = {isa = PBXBuildFile; fileRef = FA61675D1D3A27D40049FA14 /* RxSwift.framework */; };
		FA6167831D3A27E80049FA14 /* RxSwift.framework in Embed Frameworks */ = {isa = PBXBuildFile; fileRef = FA61675D1D3A27D40049FA14 /* RxSwift.framework */; settings = {ATTRIBUTES = (CodeSignOnCopy, RemoveHeadersOnCopy, ); }; };
		FA6167861D3A27EE0049FA14 /* RxCocoa.framework in Frameworks */ = {isa = PBXBuildFile; fileRef = FA6167651D3A27D40049FA14 /* RxCocoa.framework */; };
		FA6167871D3A27EE0049FA14 /* RxCocoa.framework in Embed Frameworks */ = {isa = PBXBuildFile; fileRef = FA6167651D3A27D40049FA14 /* RxCocoa.framework */; settings = {ATTRIBUTES = (CodeSignOnCopy, RemoveHeadersOnCopy, ); }; };
/* End PBXBuildFile section */

/* Begin PBXContainerItemProxy section */
		C5AAF4871F6CEE5300D3E009 /* PBXContainerItemProxy */ = {
			isa = PBXContainerItemProxy;
			containerPortal = FA6167431D3A27D40049FA14 /* Rx.xcodeproj */;
			proxyType = 2;
			remoteGlobalIDString = C8E8BA551E2C181A00A4AC2C;
			remoteInfo = Benchmarks;
		};
		FA6166D41D3A0BF70049FA14 /* PBXContainerItemProxy */ = {
			isa = PBXContainerItemProxy;
			containerPortal = FA6166CF1D3A0BF70049FA14 /* RxScreeen.xcodeproj */;
			proxyType = 2;
			remoteGlobalIDString = FA61669C1D3A085A0049FA14;
			remoteInfo = RxScreeen;
		};
		FA6166D61D3A0BF70049FA14 /* PBXContainerItemProxy */ = {
			isa = PBXContainerItemProxy;
			containerPortal = FA6166CF1D3A0BF70049FA14 /* RxScreeen.xcodeproj */;
			proxyType = 2;
			remoteGlobalIDString = FA6166A61D3A085A0049FA14;
			remoteInfo = RxScreeenTests;
		};
		FA6166E41D3A0C180049FA14 /* PBXContainerItemProxy */ = {
			isa = PBXContainerItemProxy;
			containerPortal = FA6166CF1D3A0BF70049FA14 /* RxScreeen.xcodeproj */;
			proxyType = 1;
			remoteGlobalIDString = FA61669B1D3A085A0049FA14;
			remoteInfo = RxScreeen;
		};
		FA61675A1D3A27D40049FA14 /* PBXContainerItemProxy */ = {
			isa = PBXContainerItemProxy;
			containerPortal = FA6167431D3A27D40049FA14 /* Rx.xcodeproj */;
			proxyType = 2;
			remoteGlobalIDString = C8A56AD71AD7424700B4673B;
			remoteInfo = "RxSwift-iOS";
		};
		FA61675C1D3A27D40049FA14 /* PBXContainerItemProxy */ = {
			isa = PBXContainerItemProxy;
			containerPortal = FA6167431D3A27D40049FA14 /* Rx.xcodeproj */;
			proxyType = 2;
			remoteGlobalIDString = C88BB8711B07E5ED0064D411;
			remoteInfo = "RxSwift-OSX";
		};
		FA61675E1D3A27D40049FA14 /* PBXContainerItemProxy */ = {
			isa = PBXContainerItemProxy;
			containerPortal = FA6167431D3A27D40049FA14 /* Rx.xcodeproj */;
			proxyType = 2;
			remoteGlobalIDString = D2EA280C1BB9B5A200880ED3;
			remoteInfo = "RxSwift-tvOS";
		};
		FA6167601D3A27D40049FA14 /* PBXContainerItemProxy */ = {
			isa = PBXContainerItemProxy;
			containerPortal = FA6167431D3A27D40049FA14 /* Rx.xcodeproj */;
			proxyType = 2;
			remoteGlobalIDString = C8F0C0021BBBFB8B001B112F;
			remoteInfo = "RxSwift-watchOS";
		};
		FA6167621D3A27D40049FA14 /* PBXContainerItemProxy */ = {
			isa = PBXContainerItemProxy;
			containerPortal = FA6167431D3A27D40049FA14 /* Rx.xcodeproj */;
			proxyType = 2;
			remoteGlobalIDString = C809396D1B8A71760088E94D;
			remoteInfo = "RxCocoa-iOS";
		};
		FA6167641D3A27D40049FA14 /* PBXContainerItemProxy */ = {
			isa = PBXContainerItemProxy;
			containerPortal = FA6167431D3A27D40049FA14 /* Rx.xcodeproj */;
			proxyType = 2;
			remoteGlobalIDString = C80939E71B8A71840088E94D;
			remoteInfo = "RxCocoa-OSX";
		};
		FA6167661D3A27D40049FA14 /* PBXContainerItemProxy */ = {
			isa = PBXContainerItemProxy;
			containerPortal = FA6167431D3A27D40049FA14 /* Rx.xcodeproj */;
			proxyType = 2;
			remoteGlobalIDString = D2138C751BB9BE9800339B5C;
			remoteInfo = "RxCocoa-tvOS";
		};
		FA6167681D3A27D40049FA14 /* PBXContainerItemProxy */ = {
			isa = PBXContainerItemProxy;
			containerPortal = FA6167431D3A27D40049FA14 /* Rx.xcodeproj */;
			proxyType = 2;
			remoteGlobalIDString = C8F0C04B1BBBFBB9001B112F;
			remoteInfo = "RxCocoa-watchOS";
		};
		FA61676A1D3A27D40049FA14 /* PBXContainerItemProxy */ = {
			isa = PBXContainerItemProxy;
			containerPortal = FA6167431D3A27D40049FA14 /* Rx.xcodeproj */;
			proxyType = 2;
			remoteGlobalIDString = C8093BC71B8A71F00088E94D;
			remoteInfo = "RxBlocking-iOS";
		};
		FA61676C1D3A27D40049FA14 /* PBXContainerItemProxy */ = {
			isa = PBXContainerItemProxy;
			containerPortal = FA6167431D3A27D40049FA14 /* Rx.xcodeproj */;
			proxyType = 2;
			remoteGlobalIDString = C8093C451B8A71FC0088E94D;
			remoteInfo = "RxBlocking-OSX";
		};
		FA61676E1D3A27D40049FA14 /* PBXContainerItemProxy */ = {
			isa = PBXContainerItemProxy;
			containerPortal = FA6167431D3A27D40049FA14 /* Rx.xcodeproj */;
			proxyType = 2;
			remoteGlobalIDString = D2EBEB811BB9B99D003A27DC;
			remoteInfo = "RxBlocking-tvOS";
		};
		FA6167701D3A27D40049FA14 /* PBXContainerItemProxy */ = {
			isa = PBXContainerItemProxy;
			containerPortal = FA6167431D3A27D40049FA14 /* Rx.xcodeproj */;
			proxyType = 2;
			remoteGlobalIDString = C8F0C0581BBBFBCE001B112F;
			remoteInfo = "RxBlocking-watchOS";
		};
		FA6167721D3A27D40049FA14 /* PBXContainerItemProxy */ = {
			isa = PBXContainerItemProxy;
			containerPortal = FA6167431D3A27D40049FA14 /* Rx.xcodeproj */;
			proxyType = 2;
			remoteGlobalIDString = C88FA50C1C25C44800CCFEA4;
			remoteInfo = "RxTests-iOS";
		};
		FA6167741D3A27D40049FA14 /* PBXContainerItemProxy */ = {
			isa = PBXContainerItemProxy;
			containerPortal = FA6167431D3A27D40049FA14 /* Rx.xcodeproj */;
			proxyType = 2;
			remoteGlobalIDString = C88FA51D1C25C4B500CCFEA4;
			remoteInfo = "RxTests-OSX";
		};
		FA6167761D3A27D40049FA14 /* PBXContainerItemProxy */ = {
			isa = PBXContainerItemProxy;
			containerPortal = FA6167431D3A27D40049FA14 /* Rx.xcodeproj */;
			proxyType = 2;
			remoteGlobalIDString = C88FA52E1C25C4C000CCFEA4;
			remoteInfo = "RxTests-tvOS";
		};
		FA6167781D3A27D40049FA14 /* PBXContainerItemProxy */ = {
			isa = PBXContainerItemProxy;
			containerPortal = FA6167431D3A27D40049FA14 /* Rx.xcodeproj */;
			proxyType = 2;
			remoteGlobalIDString = C88FA53F1C25C4CC00CCFEA4;
			remoteInfo = "RxTests-watchOS";
		};
		FA61677A1D3A27D40049FA14 /* PBXContainerItemProxy */ = {
			isa = PBXContainerItemProxy;
			containerPortal = FA6167431D3A27D40049FA14 /* Rx.xcodeproj */;
			proxyType = 2;
			remoteGlobalIDString = C83508C31C386F6F0027C24C;
			remoteInfo = "AllTests-iOS";
		};
		FA61677C1D3A27D40049FA14 /* PBXContainerItemProxy */ = {
			isa = PBXContainerItemProxy;
			containerPortal = FA6167431D3A27D40049FA14 /* Rx.xcodeproj */;
			proxyType = 2;
			remoteGlobalIDString = C83509841C38740E0027C24C;
			remoteInfo = "AllTests-tvOS";
		};
		FA61677E1D3A27D40049FA14 /* PBXContainerItemProxy */ = {
			isa = PBXContainerItemProxy;
			containerPortal = FA6167431D3A27D40049FA14 /* Rx.xcodeproj */;
			proxyType = 2;
			remoteGlobalIDString = C83509941C38742C0027C24C;
			remoteInfo = "AllTests-OSX";
		};
		FA6167801D3A27D40049FA14 /* PBXContainerItemProxy */ = {
			isa = PBXContainerItemProxy;
			containerPortal = FA6167431D3A27D40049FA14 /* Rx.xcodeproj */;
			proxyType = 2;
			remoteGlobalIDString = C85BA04B1C3878740075D68E;
			remoteInfo = PerformanceTests;
		};
		FA6167841D3A27E80049FA14 /* PBXContainerItemProxy */ = {
			isa = PBXContainerItemProxy;
			containerPortal = FA6167431D3A27D40049FA14 /* Rx.xcodeproj */;
			proxyType = 1;
			remoteGlobalIDString = C88BB81A1B07E5ED0064D411;
			remoteInfo = "RxSwift-OSX";
		};
		FA6167881D3A27EE0049FA14 /* PBXContainerItemProxy */ = {
			isa = PBXContainerItemProxy;
			containerPortal = FA6167431D3A27D40049FA14 /* Rx.xcodeproj */;
			proxyType = 1;
			remoteGlobalIDString = C809396F1B8A71840088E94D;
			remoteInfo = "RxCocoa-OSX";
		};
/* End PBXContainerItemProxy section */

/* Begin PBXCopyFilesBuildPhase section */
		FA6166E61D3A0C180049FA14 /* Embed Frameworks */ = {
			isa = PBXCopyFilesBuildPhase;
			buildActionMask = 2147483647;
			dstPath = "";
			dstSubfolderSpec = 10;
			files = (
				FA6167871D3A27EE0049FA14 /* RxCocoa.framework in Embed Frameworks */,
				FA6167831D3A27E80049FA14 /* RxSwift.framework in Embed Frameworks */,
				FA6166E31D3A0C180049FA14 /* RxScreeen.framework in Embed Frameworks */,
			);
			name = "Embed Frameworks";
			runOnlyForDeploymentPostprocessing = 0;
		};
/* End PBXCopyFilesBuildPhase section */

/* Begin PBXFileReference section */
		FA6166BF1D3A08680049FA14 /* Example.app */ = {isa = PBXFileReference; explicitFileType = wrapper.application; includeInIndex = 0; path = Example.app; sourceTree = BUILT_PRODUCTS_DIR; };
		FA6166C21D3A08680049FA14 /* AppDelegate.swift */ = {isa = PBXFileReference; lastKnownFileType = sourcecode.swift; path = AppDelegate.swift; sourceTree = "<group>"; };
		FA6166C41D3A08680049FA14 /* Assets.xcassets */ = {isa = PBXFileReference; lastKnownFileType = folder.assetcatalog; path = Assets.xcassets; sourceTree = "<group>"; };
		FA6166C71D3A08680049FA14 /* Base */ = {isa = PBXFileReference; lastKnownFileType = file.xib; name = Base; path = Base.lproj/MainMenu.xib; sourceTree = "<group>"; };
		FA6166C91D3A08680049FA14 /* Info.plist */ = {isa = PBXFileReference; lastKnownFileType = text.plist.xml; path = Info.plist; sourceTree = "<group>"; };
		FA6166CF1D3A0BF70049FA14 /* RxScreeen.xcodeproj */ = {isa = PBXFileReference; lastKnownFileType = "wrapper.pb-project"; name = RxScreeen.xcodeproj; path = ../Lib/RxScreeen.xcodeproj; sourceTree = "<group>"; };
		FA6167431D3A27D40049FA14 /* Rx.xcodeproj */ = {isa = PBXFileReference; lastKnownFileType = "wrapper.pb-project"; name = Rx.xcodeproj; path = ../Carthage/Checkouts/RxSwift/Rx.xcodeproj; sourceTree = "<group>"; };
/* End PBXFileReference section */

/* Begin PBXFrameworksBuildPhase section */
		FA6166BC1D3A08680049FA14 /* Frameworks */ = {
			isa = PBXFrameworksBuildPhase;
			buildActionMask = 2147483647;
			files = (
				FA6167861D3A27EE0049FA14 /* RxCocoa.framework in Frameworks */,
				FA6167821D3A27E80049FA14 /* RxSwift.framework in Frameworks */,
				FA6166E21D3A0C180049FA14 /* RxScreeen.framework in Frameworks */,
			);
			runOnlyForDeploymentPostprocessing = 0;
		};
/* End PBXFrameworksBuildPhase section */

/* Begin PBXGroup section */
		FA6166B61D3A08680049FA14 = {
			isa = PBXGroup;
			children = (
				FA6166C11D3A08680049FA14 /* Example */,
				FA6166C01D3A08680049FA14 /* Products */,
				FA6166CF1D3A0BF70049FA14 /* RxScreeen.xcodeproj */,
				FA6167431D3A27D40049FA14 /* Rx.xcodeproj */,
			);
			sourceTree = "<group>";
		};
		FA6166C01D3A08680049FA14 /* Products */ = {
			isa = PBXGroup;
			children = (
				FA6166BF1D3A08680049FA14 /* Example.app */,
			);
			name = Products;
			sourceTree = "<group>";
		};
		FA6166C11D3A08680049FA14 /* Example */ = {
			isa = PBXGroup;
			children = (
				FA6166C21D3A08680049FA14 /* AppDelegate.swift */,
				FA6166C41D3A08680049FA14 /* Assets.xcassets */,
				FA6166C61D3A08680049FA14 /* MainMenu.xib */,
				FA6166C91D3A08680049FA14 /* Info.plist */,
			);
			path = Example;
			sourceTree = "<group>";
		};
		FA6166D01D3A0BF70049FA14 /* Products */ = {
			isa = PBXGroup;
			children = (
				FA6166D51D3A0BF70049FA14 /* RxScreeen.framework */,
				FA6166D71D3A0BF70049FA14 /* RxScreeenTests.xctest */,
			);
			name = Products;
			sourceTree = "<group>";
		};
		FA6167441D3A27D40049FA14 /* Products */ = {
			isa = PBXGroup;
			children = (
				FA61675B1D3A27D40049FA14 /* RxSwift.framework */,
				FA61675D1D3A27D40049FA14 /* RxSwift.framework */,
				FA61675F1D3A27D40049FA14 /* RxSwift.framework */,
				FA6167611D3A27D40049FA14 /* RxSwift.framework */,
				FA6167631D3A27D40049FA14 /* RxCocoa.framework */,
				FA6167651D3A27D40049FA14 /* RxCocoa.framework */,
				FA6167671D3A27D40049FA14 /* RxCocoa.framework */,
				FA6167691D3A27D40049FA14 /* RxCocoa.framework */,
				FA61676B1D3A27D40049FA14 /* RxBlocking.framework */,
				FA61676D1D3A27D40049FA14 /* RxBlocking.framework */,
				FA61676F1D3A27D40049FA14 /* RxBlocking.framework */,
				FA6167711D3A27D40049FA14 /* RxBlocking.framework */,
				FA6167731D3A27D40049FA14 /* RxTest.framework */,
				FA6167751D3A27D40049FA14 /* RxTest.framework */,
				FA6167771D3A27D40049FA14 /* RxTest.framework */,
				FA6167791D3A27D40049FA14 /* RxTest.framework */,
				FA61677B1D3A27D40049FA14 /* AllTests-iOS.xctest */,
				FA61677D1D3A27D40049FA14 /* AllTests-tvOS.xctest */,
				FA61677F1D3A27D40049FA14 /* AllTests-macOS.xctest */,
				FA6167811D3A27D40049FA14 /* PerformanceTests.app */,
				C5AAF4881F6CEE5300D3E009 /* Benchmarks.xctest */,
			);
			name = Products;
			sourceTree = "<group>";
		};
/* End PBXGroup section */

/* Begin PBXNativeTarget section */
		FA6166BE1D3A08680049FA14 /* Example */ = {
			isa = PBXNativeTarget;
			buildConfigurationList = FA6166CC1D3A08680049FA14 /* Build configuration list for PBXNativeTarget "Example" */;
			buildPhases = (
				FA6166BB1D3A08680049FA14 /* Sources */,
				FA6166BC1D3A08680049FA14 /* Frameworks */,
				FA6166BD1D3A08680049FA14 /* Resources */,
				FA6166E61D3A0C180049FA14 /* Embed Frameworks */,
			);
			buildRules = (
			);
			dependencies = (
				FA6166E51D3A0C180049FA14 /* PBXTargetDependency */,
				FA6167851D3A27E80049FA14 /* PBXTargetDependency */,
				FA6167891D3A27EE0049FA14 /* PBXTargetDependency */,
			);
			name = Example;
			productName = Example;
			productReference = FA6166BF1D3A08680049FA14 /* Example.app */;
			productType = "com.apple.product-type.application";
		};
/* End PBXNativeTarget section */

/* Begin PBXProject section */
		FA6166B71D3A08680049FA14 /* Project object */ = {
			isa = PBXProject;
			attributes = {
				LastSwiftUpdateCheck = 0730;
				LastUpgradeCheck = 0930;
				ORGANIZATIONNAME = "Shunsuke Furubayashi";
				TargetAttributes = {
					FA6166BE1D3A08680049FA14 = {
						CreatedOnToolsVersion = 7.3.1;
						LastSwiftMigration = 0930;
					};
				};
			};
			buildConfigurationList = FA6166BA1D3A08680049FA14 /* Build configuration list for PBXProject "Example" */;
			compatibilityVersion = "Xcode 3.2";
			developmentRegion = English;
			hasScannedForEncodings = 0;
			knownRegions = (
				en,
				Base,
			);
			mainGroup = FA6166B61D3A08680049FA14;
			productRefGroup = FA6166C01D3A08680049FA14 /* Products */;
			projectDirPath = "";
			projectReferences = (
				{
					ProductGroup = FA6167441D3A27D40049FA14 /* Products */;
					ProjectRef = FA6167431D3A27D40049FA14 /* Rx.xcodeproj */;
				},
				{
					ProductGroup = FA6166D01D3A0BF70049FA14 /* Products */;
					ProjectRef = FA6166CF1D3A0BF70049FA14 /* RxScreeen.xcodeproj */;
				},
			);
			projectRoot = "";
			targets = (
				FA6166BE1D3A08680049FA14 /* Example */,
			);
		};
/* End PBXProject section */

/* Begin PBXReferenceProxy section */
		C5AAF4881F6CEE5300D3E009 /* Benchmarks.xctest */ = {
			isa = PBXReferenceProxy;
			fileType = wrapper.cfbundle;
			path = Benchmarks.xctest;
			remoteRef = C5AAF4871F6CEE5300D3E009 /* PBXContainerItemProxy */;
			sourceTree = BUILT_PRODUCTS_DIR;
		};
		FA6166D51D3A0BF70049FA14 /* RxScreeen.framework */ = {
			isa = PBXReferenceProxy;
			fileType = wrapper.framework;
			path = RxScreeen.framework;
			remoteRef = FA6166D41D3A0BF70049FA14 /* PBXContainerItemProxy */;
			sourceTree = BUILT_PRODUCTS_DIR;
		};
		FA6166D71D3A0BF70049FA14 /* RxScreeenTests.xctest */ = {
			isa = PBXReferenceProxy;
			fileType = wrapper.cfbundle;
			path = RxScreeenTests.xctest;
			remoteRef = FA6166D61D3A0BF70049FA14 /* PBXContainerItemProxy */;
			sourceTree = BUILT_PRODUCTS_DIR;
		};
		FA61675B1D3A27D40049FA14 /* RxSwift.framework */ = {
			isa = PBXReferenceProxy;
			fileType = wrapper.framework;
			path = RxSwift.framework;
			remoteRef = FA61675A1D3A27D40049FA14 /* PBXContainerItemProxy */;
			sourceTree = BUILT_PRODUCTS_DIR;
		};
		FA61675D1D3A27D40049FA14 /* RxSwift.framework */ = {
			isa = PBXReferenceProxy;
			fileType = wrapper.framework;
			path = RxSwift.framework;
			remoteRef = FA61675C1D3A27D40049FA14 /* PBXContainerItemProxy */;
			sourceTree = BUILT_PRODUCTS_DIR;
		};
		FA61675F1D3A27D40049FA14 /* RxSwift.framework */ = {
			isa = PBXReferenceProxy;
			fileType = wrapper.framework;
			path = RxSwift.framework;
			remoteRef = FA61675E1D3A27D40049FA14 /* PBXContainerItemProxy */;
			sourceTree = BUILT_PRODUCTS_DIR;
		};
		FA6167611D3A27D40049FA14 /* RxSwift.framework */ = {
			isa = PBXReferenceProxy;
			fileType = wrapper.framework;
			path = RxSwift.framework;
			remoteRef = FA6167601D3A27D40049FA14 /* PBXContainerItemProxy */;
			sourceTree = BUILT_PRODUCTS_DIR;
		};
		FA6167631D3A27D40049FA14 /* RxCocoa.framework */ = {
			isa = PBXReferenceProxy;
			fileType = wrapper.framework;
			path = RxCocoa.framework;
			remoteRef = FA6167621D3A27D40049FA14 /* PBXContainerItemProxy */;
			sourceTree = BUILT_PRODUCTS_DIR;
		};
		FA6167651D3A27D40049FA14 /* RxCocoa.framework */ = {
			isa = PBXReferenceProxy;
			fileType = wrapper.framework;
			path = RxCocoa.framework;
			remoteRef = FA6167641D3A27D40049FA14 /* PBXContainerItemProxy */;
			sourceTree = BUILT_PRODUCTS_DIR;
		};
		FA6167671D3A27D40049FA14 /* RxCocoa.framework */ = {
			isa = PBXReferenceProxy;
			fileType = wrapper.framework;
			path = RxCocoa.framework;
			remoteRef = FA6167661D3A27D40049FA14 /* PBXContainerItemProxy */;
			sourceTree = BUILT_PRODUCTS_DIR;
		};
		FA6167691D3A27D40049FA14 /* RxCocoa.framework */ = {
			isa = PBXReferenceProxy;
			fileType = wrapper.framework;
			path = RxCocoa.framework;
			remoteRef = FA6167681D3A27D40049FA14 /* PBXContainerItemProxy */;
			sourceTree = BUILT_PRODUCTS_DIR;
		};
		FA61676B1D3A27D40049FA14 /* RxBlocking.framework */ = {
			isa = PBXReferenceProxy;
			fileType = wrapper.framework;
			path = RxBlocking.framework;
			remoteRef = FA61676A1D3A27D40049FA14 /* PBXContainerItemProxy */;
			sourceTree = BUILT_PRODUCTS_DIR;
		};
		FA61676D1D3A27D40049FA14 /* RxBlocking.framework */ = {
			isa = PBXReferenceProxy;
			fileType = wrapper.framework;
			path = RxBlocking.framework;
			remoteRef = FA61676C1D3A27D40049FA14 /* PBXContainerItemProxy */;
			sourceTree = BUILT_PRODUCTS_DIR;
		};
		FA61676F1D3A27D40049FA14 /* RxBlocking.framework */ = {
			isa = PBXReferenceProxy;
			fileType = wrapper.framework;
			path = RxBlocking.framework;
			remoteRef = FA61676E1D3A27D40049FA14 /* PBXContainerItemProxy */;
			sourceTree = BUILT_PRODUCTS_DIR;
		};
		FA6167711D3A27D40049FA14 /* RxBlocking.framework */ = {
			isa = PBXReferenceProxy;
			fileType = wrapper.framework;
			path = RxBlocking.framework;
			remoteRef = FA6167701D3A27D40049FA14 /* PBXContainerItemProxy */;
			sourceTree = BUILT_PRODUCTS_DIR;
		};
		FA6167731D3A27D40049FA14 /* RxTest.framework */ = {
			isa = PBXReferenceProxy;
			fileType = wrapper.framework;
			path = RxTest.framework;
			remoteRef = FA6167721D3A27D40049FA14 /* PBXContainerItemProxy */;
			sourceTree = BUILT_PRODUCTS_DIR;
		};
		FA6167751D3A27D40049FA14 /* RxTest.framework */ = {
			isa = PBXReferenceProxy;
			fileType = wrapper.framework;
			path = RxTest.framework;
			remoteRef = FA6167741D3A27D40049FA14 /* PBXContainerItemProxy */;
			sourceTree = BUILT_PRODUCTS_DIR;
		};
		FA6167771D3A27D40049FA14 /* RxTest.framework */ = {
			isa = PBXReferenceProxy;
			fileType = wrapper.framework;
			path = RxTest.framework;
			remoteRef = FA6167761D3A27D40049FA14 /* PBXContainerItemProxy */;
			sourceTree = BUILT_PRODUCTS_DIR;
		};
		FA6167791D3A27D40049FA14 /* RxTest.framework */ = {
			isa = PBXReferenceProxy;
			fileType = wrapper.framework;
			path = RxTest.framework;
			remoteRef = FA6167781D3A27D40049FA14 /* PBXContainerItemProxy */;
			sourceTree = BUILT_PRODUCTS_DIR;
		};
		FA61677B1D3A27D40049FA14 /* AllTests-iOS.xctest */ = {
			isa = PBXReferenceProxy;
			fileType = wrapper.cfbundle;
			path = "AllTests-iOS.xctest";
			remoteRef = FA61677A1D3A27D40049FA14 /* PBXContainerItemProxy */;
			sourceTree = BUILT_PRODUCTS_DIR;
		};
		FA61677D1D3A27D40049FA14 /* AllTests-tvOS.xctest */ = {
			isa = PBXReferenceProxy;
			fileType = wrapper.cfbundle;
			path = "AllTests-tvOS.xctest";
			remoteRef = FA61677C1D3A27D40049FA14 /* PBXContainerItemProxy */;
			sourceTree = BUILT_PRODUCTS_DIR;
		};
		FA61677F1D3A27D40049FA14 /* AllTests-macOS.xctest */ = {
			isa = PBXReferenceProxy;
			fileType = wrapper.cfbundle;
			path = "AllTests-macOS.xctest";
			remoteRef = FA61677E1D3A27D40049FA14 /* PBXContainerItemProxy */;
			sourceTree = BUILT_PRODUCTS_DIR;
		};
		FA6167811D3A27D40049FA14 /* PerformanceTests.app */ = {
			isa = PBXReferenceProxy;
			fileType = wrapper.application;
			name = PerformanceTests.app;
			path = Microoptimizations.app;
			remoteRef = FA6167801D3A27D40049FA14 /* PBXContainerItemProxy */;
			sourceTree = BUILT_PRODUCTS_DIR;
		};
/* End PBXReferenceProxy section */

/* Begin PBXResourcesBuildPhase section */
		FA6166BD1D3A08680049FA14 /* Resources */ = {
			isa = PBXResourcesBuildPhase;
			buildActionMask = 2147483647;
			files = (
				FA6166C51D3A08680049FA14 /* Assets.xcassets in Resources */,
				FA6166C81D3A08680049FA14 /* MainMenu.xib in Resources */,
			);
			runOnlyForDeploymentPostprocessing = 0;
		};
/* End PBXResourcesBuildPhase section */

/* Begin PBXSourcesBuildPhase section */
		FA6166BB1D3A08680049FA14 /* Sources */ = {
			isa = PBXSourcesBuildPhase;
			buildActionMask = 2147483647;
			files = (
				FA6166C31D3A08680049FA14 /* AppDelegate.swift in Sources */,
			);
			runOnlyForDeploymentPostprocessing = 0;
		};
/* End PBXSourcesBuildPhase section */

/* Begin PBXTargetDependency section */
		FA6166E51D3A0C180049FA14 /* PBXTargetDependency */ = {
			isa = PBXTargetDependency;
			name = RxScreeen;
			targetProxy = FA6166E41D3A0C180049FA14 /* PBXContainerItemProxy */;
		};
		FA6167851D3A27E80049FA14 /* PBXTargetDependency */ = {
			isa = PBXTargetDependency;
			name = "RxSwift-OSX";
			targetProxy = FA6167841D3A27E80049FA14 /* PBXContainerItemProxy */;
		};
		FA6167891D3A27EE0049FA14 /* PBXTargetDependency */ = {
			isa = PBXTargetDependency;
			name = "RxCocoa-OSX";
			targetProxy = FA6167881D3A27EE0049FA14 /* PBXContainerItemProxy */;
		};
/* End PBXTargetDependency section */

/* Begin PBXVariantGroup section */
		FA6166C61D3A08680049FA14 /* MainMenu.xib */ = {
			isa = PBXVariantGroup;
			children = (
				FA6166C71D3A08680049FA14 /* Base */,
			);
			name = MainMenu.xib;
			sourceTree = "<group>";
		};
/* End PBXVariantGroup section */

/* Begin XCBuildConfiguration section */
		FA6166CA1D3A08680049FA14 /* Debug */ = {
			isa = XCBuildConfiguration;
			buildSettings = {
				ALWAYS_SEARCH_USER_PATHS = NO;
				CLANG_ANALYZER_NONNULL = YES;
				CLANG_CXX_LANGUAGE_STANDARD = "gnu++0x";
				CLANG_CXX_LIBRARY = "libc++";
				CLANG_ENABLE_MODULES = YES;
				CLANG_ENABLE_OBJC_ARC = YES;
				CLANG_WARN_BLOCK_CAPTURE_AUTORELEASING = YES;
				CLANG_WARN_BOOL_CONVERSION = YES;
				CLANG_WARN_COMMA = YES;
				CLANG_WARN_CONSTANT_CONVERSION = YES;
				CLANG_WARN_DEPRECATED_OBJC_IMPLEMENTATIONS = YES;
				CLANG_WARN_DIRECT_OBJC_ISA_USAGE = YES_ERROR;
				CLANG_WARN_EMPTY_BODY = YES;
				CLANG_WARN_ENUM_CONVERSION = YES;
				CLANG_WARN_INFINITE_RECURSION = YES;
				CLANG_WARN_INT_CONVERSION = YES;
				CLANG_WARN_NON_LITERAL_NULL_CONVERSION = YES;
				CLANG_WARN_OBJC_IMPLICIT_RETAIN_SELF = YES;
				CLANG_WARN_OBJC_LITERAL_CONVERSION = YES;
				CLANG_WARN_OBJC_ROOT_CLASS = YES_ERROR;
				CLANG_WARN_RANGE_LOOP_ANALYSIS = YES;
				CLANG_WARN_STRICT_PROTOTYPES = YES;
				CLANG_WARN_SUSPICIOUS_MOVE = YES;
				CLANG_WARN_UNREACHABLE_CODE = YES;
				CLANG_WARN__DUPLICATE_METHOD_MATCH = YES;
				CODE_SIGN_IDENTITY = "-";
				COPY_PHASE_STRIP = NO;
				DEBUG_INFORMATION_FORMAT = dwarf;
				ENABLE_STRICT_OBJC_MSGSEND = YES;
				ENABLE_TESTABILITY = YES;
				GCC_C_LANGUAGE_STANDARD = gnu99;
				GCC_DYNAMIC_NO_PIC = NO;
				GCC_NO_COMMON_BLOCKS = YES;
				GCC_OPTIMIZATION_LEVEL = 0;
				GCC_PREPROCESSOR_DEFINITIONS = (
					"DEBUG=1",
					"$(inherited)",
				);
				GCC_WARN_64_TO_32_BIT_CONVERSION = YES;
				GCC_WARN_ABOUT_RETURN_TYPE = YES_ERROR;
				GCC_WARN_UNDECLARED_SELECTOR = YES;
				GCC_WARN_UNINITIALIZED_AUTOS = YES_AGGRESSIVE;
				GCC_WARN_UNUSED_FUNCTION = YES;
				GCC_WARN_UNUSED_VARIABLE = YES;
				MACOSX_DEPLOYMENT_TARGET = 10.11;
				MTL_ENABLE_DEBUG_INFO = YES;
				ONLY_ACTIVE_ARCH = YES;
				SDKROOT = macosx;
				SWIFT_OPTIMIZATION_LEVEL = "-Onone";
			};
			name = Debug;
		};
		FA6166CB1D3A08680049FA14 /* Release */ = {
			isa = XCBuildConfiguration;
			buildSettings = {
				ALWAYS_SEARCH_USER_PATHS = NO;
				CLANG_ANALYZER_NONNULL = YES;
				CLANG_CXX_LANGUAGE_STANDARD = "gnu++0x";
				CLANG_CXX_LIBRARY = "libc++";
				CLANG_ENABLE_MODULES = YES;
				CLANG_ENABLE_OBJC_ARC = YES;
				CLANG_WARN_BLOCK_CAPTURE_AUTORELEASING = YES;
				CLANG_WARN_BOOL_CONVERSION = YES;
				CLANG_WARN_COMMA = YES;
				CLANG_WARN_CONSTANT_CONVERSION = YES;
				CLANG_WARN_DEPRECATED_OBJC_IMPLEMENTATIONS = YES;
				CLANG_WARN_DIRECT_OBJC_ISA_USAGE = YES_ERROR;
				CLANG_WARN_EMPTY_BODY = YES;
				CLANG_WARN_ENUM_CONVERSION = YES;
				CLANG_WARN_INFINITE_RECURSION = YES;
				CLANG_WARN_INT_CONVERSION = YES;
				CLANG_WARN_NON_LITERAL_NULL_CONVERSION = YES;
				CLANG_WARN_OBJC_IMPLICIT_RETAIN_SELF = YES;
				CLANG_WARN_OBJC_LITERAL_CONVERSION = YES;
				CLANG_WARN_OBJC_ROOT_CLASS = YES_ERROR;
				CLANG_WARN_RANGE_LOOP_ANALYSIS = YES;
				CLANG_WARN_STRICT_PROTOTYPES = YES;
				CLANG_WARN_SUSPICIOUS_MOVE = YES;
				CLANG_WARN_UNREACHABLE_CODE = YES;
				CLANG_WARN__DUPLICATE_METHOD_MATCH = YES;
				CODE_SIGN_IDENTITY = "-";
				COPY_PHASE_STRIP = NO;
				DEBUG_INFORMATION_FORMAT = "dwarf-with-dsym";
				ENABLE_NS_ASSERTIONS = NO;
				ENABLE_STRICT_OBJC_MSGSEND = YES;
				GCC_C_LANGUAGE_STANDARD = gnu99;
				GCC_NO_COMMON_BLOCKS = YES;
				GCC_WARN_64_TO_32_BIT_CONVERSION = YES;
				GCC_WARN_ABOUT_RETURN_TYPE = YES_ERROR;
				GCC_WARN_UNDECLARED_SELECTOR = YES;
				GCC_WARN_UNINITIALIZED_AUTOS = YES_AGGRESSIVE;
				GCC_WARN_UNUSED_FUNCTION = YES;
				GCC_WARN_UNUSED_VARIABLE = YES;
				MACOSX_DEPLOYMENT_TARGET = 10.11;
				MTL_ENABLE_DEBUG_INFO = NO;
				SDKROOT = macosx;
				SWIFT_OPTIMIZATION_LEVEL = "-Owholemodule";
			};
			name = Release;
		};
		FA6166CD1D3A08680049FA14 /* Debug */ = {
			isa = XCBuildConfiguration;
			buildSettings = {
				ALWAYS_EMBED_SWIFT_STANDARD_LIBRARIES = YES;
				ASSETCATALOG_COMPILER_APPICON_NAME = AppIcon;
				COMBINE_HIDPI_IMAGES = YES;
				INFOPLIST_FILE = Example/Info.plist;
				LD_RUNPATH_SEARCH_PATHS = "$(inherited) @executable_path/../Frameworks";
				PRODUCT_BUNDLE_IDENTIFIER = "com.clipy-app.Example";
				PRODUCT_NAME = "$(TARGET_NAME)";
				SWIFT_SWIFT3_OBJC_INFERENCE = Default;
				SWIFT_VERSION = 4.0;
			};
			name = Debug;
		};
		FA6166CE1D3A08680049FA14 /* Release */ = {
			isa = XCBuildConfiguration;
			buildSettings = {
				ALWAYS_EMBED_SWIFT_STANDARD_LIBRARIES = YES;
				ASSETCATALOG_COMPILER_APPICON_NAME = AppIcon;
				COMBINE_HIDPI_IMAGES = YES;
				INFOPLIST_FILE = Example/Info.plist;
				LD_RUNPATH_SEARCH_PATHS = "$(inherited) @executable_path/../Frameworks";
				PRODUCT_BUNDLE_IDENTIFIER = "com.clipy-app.Example";
				PRODUCT_NAME = "$(TARGET_NAME)";
				SWIFT_SWIFT3_OBJC_INFERENCE = Default;
				SWIFT_VERSION = 4.0;
			};
			name = Release;
		};
/* End XCBuildConfiguration section */

/* Begin XCConfigurationList section */
		FA6166BA1D3A08680049FA14 /* Build configuration list for PBXProject "Example" */ = {
			isa = XCConfigurationList;
			buildConfigurations = (
				FA6166CA1D3A08680049FA14 /* Debug */,
				FA6166CB1D3A08680049FA14 /* Release */,
			);
			defaultConfigurationIsVisible = 0;
			defaultConfigurationName = Release;
		};
		FA6166CC1D3A08680049FA14 /* Build configuration list for PBXNativeTarget "Example" */ = {
			isa = XCConfigurationList;
			buildConfigurations = (
				FA6166CD1D3A08680049FA14 /* Debug */,
				FA6166CE1D3A08680049FA14 /* Release */,
			);
			defaultConfigurationIsVisible = 0;
			defaultConfigurationName = Release;
		};
/* End XCConfigurationList section */
	};
	rootObject = FA6166B71D3A08680049FA14 /* Project object */;
}
